{
	"name": "fenparser",
	"version": "1.0.0",
	"lockfileVersion": 1,
	"requires": true,
	"dependencies": {
		"neverthrow": {
			"version": "2.7.1",
			"resolved": "https://registry.npmjs.org/neverthrow/-/neverthrow-2.7.1.tgz",
			"integrity": "sha512-tk7vBuxlBcVU6GIXrAOpez2ZpvJxVW1xl2OjVufdVd87g61SjvekY0VBOuTh1EdUf6/gbgQcQujpxXlap0bQ0A==",
			"dev": true
		},
		"typescript": {
			"version": "4.0.3",
			"resolved": "https://registry.npmjs.org/typescript/-/typescript-4.0.3.tgz",
			"integrity": "sha512-tEu6DGxGgRJPb/mVPIZ48e69xCn2yRmCgYmDugAVwmJ6o+0u1RI18eO7E7WBTLYLaEVVOhwQmcdhQHweux/WPg==",
			"dev": true
		}
	}
}
